{
    "_readme": [
        "This file locks the dependencies of your project to a known state",
        "Read more about it at http://getcomposer.org/doc/01-basic-usage.md#composer-lock-the-lock-file",
        "This file is @generated automatically"
    ],
    "hash": "7a00a86e97c497b43a15cd60d0ff3c99",
    "packages": [
        {
            "name": "facebook/php-sdk-v4",
            "version": "4.0.20",
            "source": {
                "type": "git",
                "url": "https://github.com/facebook/facebook-php-sdk-v4.git",
                "reference": "0c8ea23d81e09cc7e2c38b1d7f663fd5006dce84"
            },
            "dist": {
                "type": "zip",
                "url": "https://api.github.com/repos/facebook/facebook-php-sdk-v4/zipball/0c8ea23d81e09cc7e2c38b1d7f663fd5006dce84",
                "reference": "0c8ea23d81e09cc7e2c38b1d7f663fd5006dce84",
                "shasum": ""
            },
            "require": {
                "php": ">=5.4.0"
            },
            "require-dev": {
                "guzzlehttp/guzzle": "~4.0",
                "mockery/mockery": "dev-master",
                "phpunit/phpunit": "3.7.*"
            },
            "suggest": {
                "guzzlehttp/guzzle": "Allows for implementation of the Guzzle HTTP client"
            },
            "type": "library",
            "autoload": {
                "psr-4": {
                    "Facebook\\": "src/Facebook/"
                }
            },
            "notification-url": "https://packagist.org/downloads/",
            "license": [
                "Facebook Platform"
            ],
            "authors": [
                {
                    "name": "Facebook",
                    "homepage": "https://github.com/facebook/facebook-php-sdk-v4/contributors"
                }
            ],
            "description": "Facebook SDK for PHP",
            "homepage": "https://github.com/facebook/facebook-php-sdk-v4",
            "keywords": [
                "facebook",
                "sdk"
            ],
            "time": "2015-03-03 00:03:54"
        },
        {
            "name": "kertz/twitteroauth",
            "version": "dev-master",
            "source": {
                "type": "git",
                "url": "https://github.com/kertz/twitteroauth.git",
                "reference": "97b677ca030e7de7dcade797aabb4af8a3aa463f"
            },
            "dist": {
                "type": "zip",
                "url": "https://api.github.com/repos/kertz/twitteroauth/zipball/97b677ca030e7de7dcade797aabb4af8a3aa463f",
                "reference": "97b677ca030e7de7dcade797aabb4af8a3aa463f",
                "shasum": ""
            },
            "require": {
                "ext-curl": "*",
                "php": ">=5.3.0"
            },
            "type": "library",
            "autoload": {
                "classmap": [
                    "twitteroauth"
                ]
            },
            "notification-url": "https://packagist.org/downloads/",
            "time": "2014-02-23 11:27:58"
        },
        {
            "name": "nette/nette",
            "version": "v2.1.9",
            "source": {
                "type": "git",
                "url": "https://github.com/nette/nette.git",
                "reference": "1fa4d477c855d38751be15b2e7e4eb352f114220"
            },
            "dist": {
                "type": "zip",
                "url": "https://api.github.com/repos/nette/nette/zipball/1fa4d477c855d38751be15b2e7e4eb352f114220",
                "reference": "1fa4d477c855d38751be15b2e7e4eb352f114220",
                "shasum": ""
            },
            "require": {
                "ext-iconv": "*",
                "ext-tokenizer": "*",
                "php": ">=5.3.1"
            },
            "replace": {
                "latte/latte": "self.version",
                "nette/application": "self.version",
                "nette/bootstrap": "self.version",
                "nette/caching": "self.version",
                "nette/component-model": "self.version",
                "nette/database": "self.version",
                "nette/di": "self.version",
                "nette/finder": "self.version",
                "nette/forms": "self.version",
                "nette/http": "self.version",
                "nette/mail": "self.version",
                "nette/neon": "self.version",
                "nette/php-generator": "self.version",
                "nette/reflection": "self.version",
                "nette/robot-loader": "self.version",
                "nette/safe-stream": "self.version",
                "nette/security": "self.version",
                "nette/tokenizer": "self.version",
                "nette/utils": "self.version",
                "tracy/tracy": "self.version"
            },
            "require-dev": {
                "nette/tester": "~1.3"
            },
            "suggest": {
                "ext-fileinfo": "",
                "ext-gd": "",
                "ext-mbstring": "",
                "ext-pdo": ""
            },
            "type": "library",
            "autoload": {
                "classmap": [
                    "Nette/"
                ],
                "files": [
                    "Nette/common/shortcuts.php"
                ]
            },
            "notification-url": "https://packagist.org/downloads/",
            "license": [
                "BSD-3-Clause",
                "GPL-2.0",
                "GPL-3.0"
            ],
            "authors": [
                {
                    "name": "David Grudl",
                    "homepage": "http://davidgrudl.com"
                },
                {
                    "name": "Nette Community",
                    "homepage": "http://nette.org/contributors"
                }
            ],
            "description": "Nette Framework - innovative framework for fast and easy development of secured web applications in PHP. Write less, have cleaner code and your work will bring you joy.",
            "homepage": "http://nette.org",
            "keywords": [
                "Forms",
                "database",
                "debugging",
                "framework",
                "mailing",
                "mvc",
                "templating"
            ],
            "time": "2015-01-06 21:16:30"
        }
    ],
    "packages-dev": [
        {
            "name": "nette/tester",
            "version": "v1.0.0",
            "source": {
                "type": "git",
                "url": "https://github.com/nette/tester.git",
                "reference": "710ea7b1b7e1a05c112438e808daa15314fbfe8f"
            },
            "dist": {
                "type": "zip",
                "url": "https://api.github.com/repos/nette/tester/zipball/710ea7b1b7e1a05c112438e808daa15314fbfe8f",
                "reference": "710ea7b1b7e1a05c112438e808daa15314fbfe8f",
                "shasum": ""
            },
            "require": {
                "php": ">=5.3.0"
            },
            "bin": [
                "Tester/tester",
                "Tester/coverage-report"
            ],
            "type": "library",
            "autoload": {
                "classmap": [
                    "Tester/"
                ]
            },
            "notification-url": "https://packagist.org/downloads/",
            "license": [
                "BSD-3-Clause",
                "GPL-2.0",
                "GPL-3.0"
            ],
            "authors": [
                {
                    "name": "David Grudl",
                    "homepage": "http://davidgrudl.com"
                },
                {
                    "name": "Nette Community",
                    "homepage": "http://nette.org/contributors"
                }
            ],
            "description": "An easy-to-use PHP Unit Testing framework.",
            "homepage": "http://nette.org",
            "keywords": [
                "nette",
                "testing",
                "unit"
            ],
            "time": "2014-02-08 12:54:09"
        }
    ],
    "aliases": [],
    "minimum-stability": "stable",
    "stability-flags": {
        "kertz/twitteroauth": 20
    },
    "prefer-stable": false,
    "prefer-lowest": false,
    "platform": {
        "php": "~5.5"
    },
    "platform-dev": []
}
